PODS:
  - Alamofire (5.4.3)
  - Kingfisher (6.3.0)
  - YouTubePlayer (0.7.2)

DEPENDENCIES:
  - Alamofire
  - Kingfisher
  - YouTubePlayer

SPEC REPOS:
  trunk:
    - Alamofire
    - Kingfisher
    - YouTubePlayer

SPEC CHECKSUMS:
  Alamofire: e447a2774a40c996748296fa2c55112fdbbc42f9
  Kingfisher: 6c3df386db71d82c0817a429d2c9421a77396529
  YouTubePlayer: 2b5f2830d8f9b2cde942083211291e382c9e6bd5

PODFILE CHECKSUM: 33adbd40b1ea833c3855caf29b2e472d6821f829

COCOAPODS: 1.10.1
